<?xml version="1.0" encoding="utf-8"?>
<Project ToolsVersion="4.0" xmlns="http://schemas.microsoft.com/developer/msbuild/2003">
  <ItemGroup>
    <Filter Include="Source Files">
      <UniqueIdentifier>{b02a035a-51ea-431e-8a0d-06b3af101fdd}</UniqueIdentifier>
      <Extensions>cpp;c;cxx;def;odl;idl;hpj;bat;asm</Extensions>
    </Filter>
    <Filter Include="Header Files">
      <UniqueIdentifier>{557de5f5-9812-4a8b-8b92-cd600c6c00a6}</UniqueIdentifier>
      <Extensions>h;hpp;hxx;hm;inl;inc</Extensions>
    </Filter>
    <Filter Include="Resource Files">
      <UniqueIdentifier>{30741efa-90eb-48d1-8ac1-34af1fe12c65}</UniqueIdentifier>
      <Extensions>rc;ico;cur;bmp;dlg;rc2;rct;bin;rgs;jpg;jpeg;jpe;manifest</Extensions>
    </Filter>
  </ItemGroup>
  <ItemGroup>
    <ClCompile Include="ChildFrm.cpp">
      <Filter>Source Files</Filter>
    </ClCompile>
    <ClCompile Include="ColorButton\ColorButton.cpp">
      <Filter>Source Files</Filter>
    </ClCompile>
    <ClCompile Include="ColorButton\ColourPopup.cpp">
      <Filter>Source Files</Filter>
    </ClCompile>
    <ClCompile Include="ClrGrad\DlgColorGrad.cpp">
      <Filter>Source Files</Filter>
    </ClCompile>
    <ClCompile Include="DlgDefineModel.cpp">
      <Filter>Source Files</Filter>
    </ClCompile>
    <ClCompile Include="DlgForwardModel.cpp">
      <Filter>Source Files</Filter>
    </ClCompile>
    <ClCompile Include="Grid\DlgGridProperties.cpp">
      <Filter>Source Files</Filter>
    </ClCompile>
    <ClCompile Include="DlgInvert.cpp">
      <Filter>Source Files</Filter>
    </ClCompile>
    <ClCompile Include="DlgPenal.cpp">
      <Filter>Source Files</Filter>
    </ClCompile>
    <ClCompile Include="DlgSlice.cpp">
      <Filter>Source Files</Filter>
    </ClCompile>
    <ClCompile Include="DlgSliceManager.cpp">
      <Filter>Source Files</Filter>
    </ClCompile>
    <ClCompile Include="VoxelFld\Facet3Pt.cpp">
      <Filter>Source Files</Filter>
    </ClCompile>
    <ClCompile Include="GlSurface.cpp">
      <Filter>Source Files</Filter>
    </ClCompile>
    <ClCompile Include="ClrGrad\Gradient.cpp">
      <Filter>Source Files</Filter>
    </ClCompile>
    <ClCompile Include="ClrGrad\GradientCtrl.cpp">
      <Filter>Source Files</Filter>
    </ClCompile>
    <ClCompile Include="ClrGrad\GradientCtrlImpl.cpp">
      <Filter>Source Files</Filter>
    </ClCompile>
    <ClCompile Include="InvFcs\GravMagFormulae.cpp">
      <Filter>Source Files</Filter>
    </ClCompile>
    <ClCompile Include="Grid\Grid.cpp">
      <Filter>Source Files</Filter>
    </ClCompile>
    <ClCompile Include="Inv3D.cpp">
      <Filter>Source Files</Filter>
    </ClCompile>
    <ClCompile Include="Inv3DDoc.cpp">
      <Filter>Source Files</Filter>
    </ClCompile>
    <ClCompile Include="InvFcs\InvFcs.cpp">
      <Filter>Source Files</Filter>
    </ClCompile>
    <ClCompile Include="MainFrm.cpp">
      <Filter>Source Files</Filter>
    </ClCompile>
    <ClCompile Include="MyObject.cpp">
      <Filter>Source Files</Filter>
    </ClCompile>
    <ClCompile Include="VoxelFld\Point3D.cpp">
      <Filter>Source Files</Filter>
    </ClCompile>
    <ClCompile Include="Routines.cpp">
      <Filter>Source Files</Filter>
    </ClCompile>
    <ClCompile Include="Slice3D.cpp">
      <Filter>Source Files</Filter>
    </ClCompile>
    <ClCompile Include="ViewGL.cpp">
      <Filter>Source Files</Filter>
    </ClCompile>
    <ClCompile Include="VoxelFld\VoxelFld.cpp">
      <Filter>Source Files</Filter>
    </ClCompile>
    <ClCompile Include="InvFcs\lu.cpp">
      <Filter>Source Files</Filter>
    </ClCompile>
    <ClCompile Include="stdafx.cpp">
      <Filter>Source Files</Filter>
    </ClCompile>
  </ItemGroup>
  <ItemGroup>
    <ClInclude Include="ColorButton\ColorButton.h">
      <Filter>Source Files</Filter>
    </ClInclude>
    <ClInclude Include="ColorButton\ColourPopup.h">
      <Filter>Source Files</Filter>
    </ClInclude>
    <ClInclude Include="ChildFrm.h">
      <Filter>Header Files</Filter>
    </ClInclude>
    <ClInclude Include="ClrGrad\DlgColorGrad.h">
      <Filter>Header Files</Filter>
    </ClInclude>
    <ClInclude Include="DlgDefineModel.h">
      <Filter>Header Files</Filter>
    </ClInclude>
    <ClInclude Include="DlgForwardModel.h">
      <Filter>Header Files</Filter>
    </ClInclude>
    <ClInclude Include="Grid\DlgGridProperties.h">
      <Filter>Header Files</Filter>
    </ClInclude>
    <ClInclude Include="DlgInvert.h">
      <Filter>Header Files</Filter>
    </ClInclude>
    <ClInclude Include="DlgPenal.h">
      <Filter>Header Files</Filter>
    </ClInclude>
    <ClInclude Include="DlgSlice.h">
      <Filter>Header Files</Filter>
    </ClInclude>
    <ClInclude Include="DlgSliceManager.h">
      <Filter>Header Files</Filter>
    </ClInclude>
    <ClInclude Include="VoxelFld\Facet3Pt.h">
      <Filter>Header Files</Filter>
    </ClInclude>
    <ClInclude Include="GlSurface.h">
      <Filter>Header Files</Filter>
    </ClInclude>
    <ClInclude Include="ClrGrad\Gradient.h">
      <Filter>Header Files</Filter>
    </ClInclude>
    <ClInclude Include="ClrGrad\GradientCtrlImpl.h">
      <Filter>Header Files</Filter>
    </ClInclude>
    <ClInclude Include="InvFcs\GravMagFormulae.h">
      <Filter>Header Files</Filter>
    </ClInclude>
    <ClInclude Include="Grid\Grid.h">
      <Filter>Header Files</Filter>
    </ClInclude>
    <ClInclude Include="Inv3D.h">
      <Filter>Header Files</Filter>
    </ClInclude>
    <ClInclude Include="Inv3DDoc.h">
      <Filter>Header Files</Filter>
    </ClInclude>
    <ClInclude Include="InvFcs\InvFcs.h">
      <Filter>Header Files</Filter>
    </ClInclude>
    <ClInclude Include="MainFrm.h">
      <Filter>Header Files</Filter>
    </ClInclude>
    <ClInclude Include="InvFcs\MatVec.h">
      <Filter>Header Files</Filter>
    </ClInclude>
    <ClInclude Include="Messages.h">
      <Filter>Header Files</Filter>
    </ClInclude>
    <ClInclude Include="MyObject.h">
      <Filter>Header Files</Filter>
    </ClInclude>
    <ClInclude Include="VoxelFld\Point3D.h">
      <Filter>Header Files</Filter>
    </ClInclude>
    <ClInclude Include="Resource.h">
      <Filter>Header Files</Filter>
    </ClInclude>
    <ClInclude Include="Routines.h">
      <Filter>Header Files</Filter>
    </ClInclude>
    <ClInclude Include="Slice3D.h">
      <Filter>Header Files</Filter>
    </ClInclude>
    <ClInclude Include="ViewGL.h">
      <Filter>Header Files</Filter>
    </ClInclude>
    <ClInclude Include="VoxelFld\VoxelFld.h">
      <Filter>Header Files</Filter>
    </ClInclude>
    <ClInclude Include="ClrGrad\gradientctrl.h">
      <Filter>Header Files</Filter>
    </ClInclude>
    <ClInclude Include="InvFcs\lu.h">
      <Filter>Header Files</Filter>
    </ClInclude>
    <ClInclude Include="stdafx.h">
      <Filter>Header Files</Filter>
    </ClInclude>
  </ItemGroup>
  <ItemGroup>
    <Image Include="res\Inv3D.ico">
      <Filter>Resource Files</Filter>
    </Image>
    <Image Include="res\Inv3DDoc.ico">
      <Filter>Resource Files</Filter>
    </Image>
    <Image Include="res\Toolbar.bmp">
      <Filter>Resource Files</Filter>
    </Image>
  </ItemGroup>
  <ItemGroup>
    <Manifest Include="res\Inv3D.manifest">
      <Filter>Resource Files</Filter>
    </Manifest>
  </ItemGroup>
  <ItemGroup>
    <ResourceCompile Include="Inv3D.rc">
      <Filter>Resource Files</Filter>
    </ResourceCompile>
  </ItemGroup>
  <ItemGroup>
    <None Include="res\Inv3D.rc2">
      <Filter>Resource Files</Filter>
    </None>
    <None Include="Inv3D.reg" />
  </ItemGroup>
  <ItemGroup>
    <Text Include="ReadMe.txt" />
  </ItemGroup>
</Project>